Microsoft Visual Studio Solution File, Format Version 12.00
# Visual Studio Version 17
VisualStudioVersion = 17.5.2.0
MinimumVisualStudioVersion = 10.0.40219.1
Project("{FAE04EC0-301F-11D3-BF4B-00C04F79EFBC}") = "Task46", "Task46.csproj", "{BD2C43C5-BFF9-EFD4-4796-420F90A9DD32}"
EndProject
Global
	GlobalSection(SolutionConfigurationPlatforms) = preSolution
		Debug|Any CPU = Debug|Any CPU
		Release|Any CPU = Release|Any CPU
	EndGlobalSection
	GlobalSection(ProjectConfigurationPlatforms) = postSolution
		{BD2C43C5-BFF9-EFD4-4796-420F90A9DD32}.Debug|Any CPU.ActiveCfg = Debug|Any CPU
		{BD2C43C5-BFF9-EFD4-4796-420F90A9DD32}.Debug|Any CPU.Build.0 = Debug|Any CPU
		{BD2C43C5-BFF9-EFD4-4796-420F90A9DD32}.Release|Any CPU.ActiveCfg = Release|Any CPU
		{BD2C43C5-BFF9-EFD4-4796-420F90A9DD32}.Release|Any CPU.Build.0 = Release|Any CPU
	EndGlobalSection
	GlobalSection(SolutionProperties) = preSolution
		HideSolutionNode = FALSE
	EndGlobalSection
	GlobalSection(ExtensibilityGlobals) = postSolution
		SolutionGuid = {C30F69E0-C462-4F10-B0B4-B73B481880EC}
	EndGlobalSection
EndGlobal
