Microsoft Visual Studio Solution File, Format Version 12.00
# Visual Studio Version 17
VisualStudioVersion = 17.5.2.0
MinimumVisualStudioVersion = 10.0.40219.1
Project("{FAE04EC0-301F-11D3-BF4B-00C04F79EFBC}") = "Task47", "Task47.csproj", "{5078D0A6-E804-29D8-98D4-0A42AD609FAF}"
EndProject
Global
	GlobalSection(SolutionConfigurationPlatforms) = preSolution
		Debug|Any CPU = Debug|Any CPU
		Release|Any CPU = Release|Any CPU
	EndGlobalSection
	GlobalSection(ProjectConfigurationPlatforms) = postSolution
		{5078D0A6-E804-29D8-98D4-0A42AD609FAF}.Debug|Any CPU.ActiveCfg = Debug|Any CPU
		{5078D0A6-E804-29D8-98D4-0A42AD609FAF}.Debug|Any CPU.Build.0 = Debug|Any CPU
		{5078D0A6-E804-29D8-98D4-0A42AD609FAF}.Release|Any CPU.ActiveCfg = Release|Any CPU
		{5078D0A6-E804-29D8-98D4-0A42AD609FAF}.Release|Any CPU.Build.0 = Release|Any CPU
	EndGlobalSection
	GlobalSection(SolutionProperties) = preSolution
		HideSolutionNode = FALSE
	EndGlobalSection
	GlobalSection(ExtensibilityGlobals) = postSolution
		SolutionGuid = {5D33996C-DC78-4360-A0E4-D43DDFA12574}
	EndGlobalSection
EndGlobal
